
Microsoft Visual Studio Solution File, Format Version 10.00
# Visual Studio 2008
Project("{FAE04EC0-301F-11D3-BF4B-00C04F79EFBC}") = "SipSharp", "SipSharp\SipSharp.csproj", "{E9ED153F-72FA-4143-A2B8-C6C94AE561C8}"
EndProject
Project("{FAE04EC0-301F-11D3-BF4B-00C04F79EFBC}") = "SipSharp.Test", "SipSharp.Test\SipSharp.Test.csproj", "{EF735E93-DEF8-4EA2-9ED4-A00BA149DA42}"
EndProject
Global
	GlobalSection(SolutionConfigurationPlatforms) = preSolution
		Debug|Any CPU = Debug|Any CPU
		Release|Any CPU = Release|Any CPU
		Test|Any CPU = Test|Any CPU
	EndGlobalSection
	GlobalSection(ProjectConfigurationPlatforms) = postSolution
		{E9ED153F-72FA-4143-A2B8-C6C94AE561C8}.Debug|Any CPU.ActiveCfg = Debug|Any CPU
		{E9ED153F-72FA-4143-A2B8-C6C94AE561C8}.Debug|Any CPU.Build.0 = Debug|Any CPU
		{E9ED153F-72FA-4143-A2B8-C6C94AE561C8}.Release|Any CPU.ActiveCfg = Release|Any CPU
		{E9ED153F-72FA-4143-A2B8-C6C94AE561C8}.Release|Any CPU.Build.0 = Release|Any CPU
		{E9ED153F-72FA-4143-A2B8-C6C94AE561C8}.Test|Any CPU.ActiveCfg = Test|Any CPU
		{E9ED153F-72FA-4143-A2B8-C6C94AE561C8}.Test|Any CPU.Build.0 = Test|Any CPU
		{EF735E93-DEF8-4EA2-9ED4-A00BA149DA42}.Debug|Any CPU.ActiveCfg = Debug|Any CPU
		{EF735E93-DEF8-4EA2-9ED4-A00BA149DA42}.Debug|Any CPU.Build.0 = Debug|Any CPU
		{EF735E93-DEF8-4EA2-9ED4-A00BA149DA42}.Release|Any CPU.ActiveCfg = Release|Any CPU
		{EF735E93-DEF8-4EA2-9ED4-A00BA149DA42}.Release|Any CPU.Build.0 = Release|Any CPU
		{EF735E93-DEF8-4EA2-9ED4-A00BA149DA42}.Test|Any CPU.ActiveCfg = Release|Any CPU
		{EF735E93-DEF8-4EA2-9ED4-A00BA149DA42}.Test|Any CPU.Build.0 = Release|Any CPU
	EndGlobalSection
	GlobalSection(SolutionProperties) = preSolution
		HideSolutionNode = FALSE
	EndGlobalSection
EndGlobal
